{
  "version": 4,
  "terraform_version": "0.12.19",
  "serial": 16,
  "lineage": "c0d20625-cc5d-1f8e-66aa-4aa91ec3d4ba",
  "outputs": {
    "db_instance_generated_user_password": {
      "value": "71c02bbb5ca7fa57",
      "type": "string"
    },
    "db_instance_username": {
      "value": "dbadmin",
      "type": "string"
    }
  },
  "resources": [
    {
      "mode": "managed",
      "type": "google_sql_database",
      "name": "my_sql_db",
      "provider": "provider.google",
      "instances": []
    },
    {
      "mode": "managed",
      "type": "google_sql_user",
      "name": "my-sql",
      "provider": "provider.google",
      "instances": []
    },
    {
      "mode": "managed",
      "type": "random_id",
      "name": "instance_id",
      "provider": "provider.random",
      "instances": [
        {
          "schema_version": 0,
          "attributes": {
            "b64": "Tau0wQ",
            "b64_std": "Tau0wQ==",
            "b64_url": "Tau0wQ",
            "byte_length": 4,
            "dec": "1303098561",
            "hex": "4dabb4c1",
            "id": "Tau0wQ",
            "keepers": null,
            "prefix": null
          },
          "private": "bnVsbA=="
        }
      ]
    },
    {
      "mode": "managed",
      "type": "random_id",
      "name": "user_password",
      "provider": "provider.random",
      "instances": [
        {
          "schema_version": 0,
          "attributes": {
            "b64": "ccAru1yn-lc",
            "b64_std": "ccAru1yn+lc=",
            "b64_url": "ccAru1yn-lc",
            "byte_length": 8,
            "dec": "8196599405527693911",
            "hex": "71c02bbb5ca7fa57",
            "id": "ccAru1yn-lc",
            "keepers": null,
            "prefix": null
          },
          "private": "bnVsbA=="
        }
      ]
    }
  ]
}
